// !$*UTF8*$!
{
	archiveVersion = 1;
	classes = {
	};
	objectVersion = 48;
	objects = {

/* Begin PBXBuildFile section */
		044B29A9A23C8E17E018F9C5 /* Pods_MeshTests.framework in Frameworks */ = {isa = PBXBuildFile; fileRef = F17DB050939D2D275E6843EA /* Pods_MeshTests.framework */; };
		323E98B4DE0B4EF72170299D /* Pods_Mesh.framework in Frameworks */ = {isa = PBXBuildFile; fileRef = 84C3F6B18F6207E95BBA885D /* Pods_Mesh.framework */; };
		6778DDDE2097C356007D7F9B /* AppDelegate.swift in Sources */ = {isa = PBXBuildFile; fileRef = 6778DDDD2097C356007D7F9B /* AppDelegate.swift */; };
		6778DDE02097C356007D7F9B /* FeedVC.swift in Sources */ = {isa = PBXBuildFile; fileRef = 6778DDDF2097C356007D7F9B /* FeedVC.swift */; };
		6778DDE22097C356007D7F9B /* GroupsVC.swift in Sources */ = {isa = PBXBuildFile; fileRef = 6778DDE12097C356007D7F9B /* GroupsVC.swift */; };
		6778DDE52097C356007D7F9B /* Main.storyboard in Resources */ = {isa = PBXBuildFile; fileRef = 6778DDE32097C356007D7F9B /* Main.storyboard */; };
		6778DDE72097C356007D7F9B /* Assets.xcassets in Resources */ = {isa = PBXBuildFile; fileRef = 6778DDE62097C356007D7F9B /* Assets.xcassets */; };
		6778DDEA2097C356007D7F9B /* LaunchScreen.storyboard in Resources */ = {isa = PBXBuildFile; fileRef = 6778DDE82097C356007D7F9B /* LaunchScreen.storyboard */; };
		6778DDF52097C356007D7F9B /* MeshTests.swift in Sources */ = {isa = PBXBuildFile; fileRef = 6778DDF42097C356007D7F9B /* MeshTests.swift */; };
		6778DE002097C356007D7F9B /* MeshUITests.swift in Sources */ = {isa = PBXBuildFile; fileRef = 6778DDFF2097C356007D7F9B /* MeshUITests.swift */; };
		6778DE132097C65F007D7F9B /* GoogleService-Info.plist in Resources */ = {isa = PBXBuildFile; fileRef = 6778DE122097C65F007D7F9B /* GoogleService-Info.plist */; };
		6778DE152097CEE6007D7F9B /* DataService.swift in Sources */ = {isa = PBXBuildFile; fileRef = 6778DE142097CEE6007D7F9B /* DataService.swift */; };
		6778DE172097D9DC007D7F9B /* AuthVC.swift in Sources */ = {isa = PBXBuildFile; fileRef = 6778DE162097D9DC007D7F9B /* AuthVC.swift */; };
		6778DE192097DA23007D7F9B /* LoginVC.swift in Sources */ = {isa = PBXBuildFile; fileRef = 6778DE182097DA23007D7F9B /* LoginVC.swift */; };
		6778DE1B2097DA86007D7F9B /* InsetTextField.swift in Sources */ = {isa = PBXBuildFile; fileRef = 6778DE1A2097DA86007D7F9B /* InsetTextField.swift */; };
		6778DE1D2097DE45007D7F9B /* ShadowView.swift in Sources */ = {isa = PBXBuildFile; fileRef = 6778DE1C2097DE45007D7F9B /* ShadowView.swift */; };
		6778DE1F2097E042007D7F9B /* AuthService.swift in Sources */ = {isa = PBXBuildFile; fileRef = 6778DE1E2097E042007D7F9B /* AuthService.swift */; };
		6778DE2120983A8E007D7F9B /* MeVC.swift in Sources */ = {isa = PBXBuildFile; fileRef = 6778DE2020983A8E007D7F9B /* MeVC.swift */; };
		6778DE23209840AE007D7F9B /* CreatePostVC.swift in Sources */ = {isa = PBXBuildFile; fileRef = 6778DE22209840AE007D7F9B /* CreatePostVC.swift */; };
		67AE47812098DF10002587EB /* UIViewExt.swift in Sources */ = {isa = PBXBuildFile; fileRef = 67AE47802098DF10002587EB /* UIViewExt.swift */; };
		67AE47832098E766002587EB /* Message.swift in Sources */ = {isa = PBXBuildFile; fileRef = 67AE47822098E766002587EB /* Message.swift */; };
		67AE47852098EEBF002587EB /* FeedCell.swift in Sources */ = {isa = PBXBuildFile; fileRef = 67AE47842098EEBF002587EB /* FeedCell.swift */; };
		A8E8C2555B50242DF0DC5052 /* Pods_MeshUITests.framework in Frameworks */ = {isa = PBXBuildFile; fileRef = 7C199F950098E5DCE82AA174 /* Pods_MeshUITests.framework */; };
/* End PBXBuildFile section */

/* Begin PBXContainerItemProxy section */
		6778DDF12097C356007D7F9B /* PBXContainerItemProxy */ = {
			isa = PBXContainerItemProxy;
			containerPortal = 6778DDD22097C356007D7F9B /* Project object */;
			proxyType = 1;
			remoteGlobalIDString = 6778DDD92097C356007D7F9B;
			remoteInfo = Mesh;
		};
		6778DDFC2097C356007D7F9B /* PBXContainerItemProxy */ = {
			isa = PBXContainerItemProxy;
			containerPortal = 6778DDD22097C356007D7F9B /* Project object */;
			proxyType = 1;
			remoteGlobalIDString = 6778DDD92097C356007D7F9B;
			remoteInfo = Mesh;
		};
/* End PBXContainerItemProxy section */

/* Begin PBXFileReference section */
		273F37C33FE826040BE5B73B /* Pods-MeshTests.release.xcconfig */ = {isa = PBXFileReference; includeInIndex = 1; lastKnownFileType = text.xcconfig; name = "Pods-MeshTests.release.xcconfig"; path = "Pods/Target Support Files/Pods-MeshTests/Pods-MeshTests.release.xcconfig"; sourceTree = "<group>"; };
		5FB079EF537E92065FB4C6A6 /* Pods-Mesh.release.xcconfig */ = {isa = PBXFileReference; includeInIndex = 1; lastKnownFileType = text.xcconfig; name = "Pods-Mesh.release.xcconfig"; path = "Pods/Target Support Files/Pods-Mesh/Pods-Mesh.release.xcconfig"; sourceTree = "<group>"; };
		6778DDDA2097C356007D7F9B /* Mesh.app */ = {isa = PBXFileReference; explicitFileType = wrapper.application; includeInIndex = 0; path = Mesh.app; sourceTree = BUILT_PRODUCTS_DIR; };
		6778DDDD2097C356007D7F9B /* AppDelegate.swift */ = {isa = PBXFileReference; lastKnownFileType = sourcecode.swift; path = AppDelegate.swift; sourceTree = "<group>"; };
		6778DDDF2097C356007D7F9B /* FeedVC.swift */ = {isa = PBXFileReference; lastKnownFileType = sourcecode.swift; path = FeedVC.swift; sourceTree = "<group>"; };
		6778DDE12097C356007D7F9B /* GroupsVC.swift */ = {isa = PBXFileReference; lastKnownFileType = sourcecode.swift; path = GroupsVC.swift; sourceTree = "<group>"; };
		6778DDE42097C356007D7F9B /* Base */ = {isa = PBXFileReference; lastKnownFileType = file.storyboard; name = Base; path = Base.lproj/Main.storyboard; sourceTree = "<group>"; };
		6778DDE62097C356007D7F9B /* Assets.xcassets */ = {isa = PBXFileReference; lastKnownFileType = folder.assetcatalog; path = Assets.xcassets; sourceTree = "<group>"; };
		6778DDE92097C356007D7F9B /* Base */ = {isa = PBXFileReference; lastKnownFileType = file.storyboard; name = Base; path = Base.lproj/LaunchScreen.storyboard; sourceTree = "<group>"; };
		6778DDEB2097C356007D7F9B /* Info.plist */ = {isa = PBXFileReference; lastKnownFileType = text.plist.xml; path = Info.plist; sourceTree = "<group>"; };
		6778DDF02097C356007D7F9B /* MeshTests.xctest */ = {isa = PBXFileReference; explicitFileType = wrapper.cfbundle; includeInIndex = 0; path = MeshTests.xctest; sourceTree = BUILT_PRODUCTS_DIR; };
		6778DDF42097C356007D7F9B /* MeshTests.swift */ = {isa = PBXFileReference; lastKnownFileType = sourcecode.swift; path = MeshTests.swift; sourceTree = "<group>"; };
		6778DDF62097C356007D7F9B /* Info.plist */ = {isa = PBXFileReference; lastKnownFileType = text.plist.xml; path = Info.plist; sourceTree = "<group>"; };
		6778DDFB2097C356007D7F9B /* MeshUITests.xctest */ = {isa = PBXFileReference; explicitFileType = wrapper.cfbundle; includeInIndex = 0; path = MeshUITests.xctest; sourceTree = BUILT_PRODUCTS_DIR; };
		6778DDFF2097C356007D7F9B /* MeshUITests.swift */ = {isa = PBXFileReference; lastKnownFileType = sourcecode.swift; path = MeshUITests.swift; sourceTree = "<group>"; };
		6778DE012097C356007D7F9B /* Info.plist */ = {isa = PBXFileReference; lastKnownFileType = text.plist.xml; path = Info.plist; sourceTree = "<group>"; };
		6778DE122097C65F007D7F9B /* GoogleService-Info.plist */ = {isa = PBXFileReference; fileEncoding = 4; lastKnownFileType = text.plist.xml; path = "GoogleService-Info.plist"; sourceTree = "<group>"; };
		6778DE142097CEE6007D7F9B /* DataService.swift */ = {isa = PBXFileReference; lastKnownFileType = sourcecode.swift; path = DataService.swift; sourceTree = "<group>"; };
		6778DE162097D9DC007D7F9B /* AuthVC.swift */ = {isa = PBXFileReference; lastKnownFileType = sourcecode.swift; path = AuthVC.swift; sourceTree = "<group>"; };
		6778DE182097DA23007D7F9B /* LoginVC.swift */ = {isa = PBXFileReference; lastKnownFileType = sourcecode.swift; path = LoginVC.swift; sourceTree = "<group>"; };
		6778DE1A2097DA86007D7F9B /* InsetTextField.swift */ = {isa = PBXFileReference; lastKnownFileType = sourcecode.swift; path = InsetTextField.swift; sourceTree = "<group>"; };
		6778DE1C2097DE45007D7F9B /* ShadowView.swift */ = {isa = PBXFileReference; lastKnownFileType = sourcecode.swift; path = ShadowView.swift; sourceTree = "<group>"; };
		6778DE1E2097E042007D7F9B /* AuthService.swift */ = {isa = PBXFileReference; lastKnownFileType = sourcecode.swift; path = AuthService.swift; sourceTree = "<group>"; };
		6778DE2020983A8E007D7F9B /* MeVC.swift */ = {isa = PBXFileReference; lastKnownFileType = sourcecode.swift; path = MeVC.swift; sourceTree = "<group>"; };
		6778DE22209840AE007D7F9B /* CreatePostVC.swift */ = {isa = PBXFileReference; lastKnownFileType = sourcecode.swift; path = CreatePostVC.swift; sourceTree = "<group>"; };
		67AE47802098DF10002587EB /* UIViewExt.swift */ = {isa = PBXFileReference; lastKnownFileType = sourcecode.swift; path = UIViewExt.swift; sourceTree = "<group>"; };
		67AE47822098E766002587EB /* Message.swift */ = {isa = PBXFileReference; lastKnownFileType = sourcecode.swift; path = Message.swift; sourceTree = "<group>"; };
		67AE47842098EEBF002587EB /* FeedCell.swift */ = {isa = PBXFileReference; lastKnownFileType = sourcecode.swift; path = FeedCell.swift; sourceTree = "<group>"; };
		7C199F950098E5DCE82AA174 /* Pods_MeshUITests.framework */ = {isa = PBXFileReference; explicitFileType = wrapper.framework; includeInIndex = 0; path = Pods_MeshUITests.framework; sourceTree = BUILT_PRODUCTS_DIR; };
		84C3F6B18F6207E95BBA885D /* Pods_Mesh.framework */ = {isa = PBXFileReference; explicitFileType = wrapper.framework; includeInIndex = 0; path = Pods_Mesh.framework; sourceTree = BUILT_PRODUCTS_DIR; };
		97EB0FC6D6FF781E916C7BCC /* Pods-Mesh.debug.xcconfig */ = {isa = PBXFileReference; includeInIndex = 1; lastKnownFileType = text.xcconfig; name = "Pods-Mesh.debug.xcconfig"; path = "Pods/Target Support Files/Pods-Mesh/Pods-Mesh.debug.xcconfig"; sourceTree = "<group>"; };
		BEC5E5C67D6F752ABEB9A228 /* Pods-MeshUITests.debug.xcconfig */ = {isa = PBXFileReference; includeInIndex = 1; lastKnownFileType = text.xcconfig; name = "Pods-MeshUITests.debug.xcconfig"; path = "Pods/Target Support Files/Pods-MeshUITests/Pods-MeshUITests.debug.xcconfig"; sourceTree = "<group>"; };
		C67FDE0DA4BFD19F174D1028 /* Pods-MeshTests.debug.xcconfig */ = {isa = PBXFileReference; includeInIndex = 1; lastKnownFileType = text.xcconfig; name = "Pods-MeshTests.debug.xcconfig"; path = "Pods/Target Support Files/Pods-MeshTests/Pods-MeshTests.debug.xcconfig"; sourceTree = "<group>"; };
		F17DB050939D2D275E6843EA /* Pods_MeshTests.framework */ = {isa = PBXFileReference; explicitFileType = wrapper.framework; includeInIndex = 0; path = Pods_MeshTests.framework; sourceTree = BUILT_PRODUCTS_DIR; };
		F365E14B59237E7B3766D3EE /* Pods-MeshUITests.release.xcconfig */ = {isa = PBXFileReference; includeInIndex = 1; lastKnownFileType = text.xcconfig; name = "Pods-MeshUITests.release.xcconfig"; path = "Pods/Target Support Files/Pods-MeshUITests/Pods-MeshUITests.release.xcconfig"; sourceTree = "<group>"; };
/* End PBXFileReference section */

/* Begin PBXFrameworksBuildPhase section */
		6778DDD72097C356007D7F9B /* Frameworks */ = {
			isa = PBXFrameworksBuildPhase;
			buildActionMask = 2147483647;
			files = (
				323E98B4DE0B4EF72170299D /* Pods_Mesh.framework in Frameworks */,
			);
			runOnlyForDeploymentPostprocessing = 0;
		};
		6778DDED2097C356007D7F9B /* Frameworks */ = {
			isa = PBXFrameworksBuildPhase;
			buildActionMask = 2147483647;
			files = (
				044B29A9A23C8E17E018F9C5 /* Pods_MeshTests.framework in Frameworks */,
			);
			runOnlyForDeploymentPostprocessing = 0;
		};
		6778DDF82097C356007D7F9B /* Frameworks */ = {
			isa = PBXFrameworksBuildPhase;
			buildActionMask = 2147483647;
			files = (
				A8E8C2555B50242DF0DC5052 /* Pods_MeshUITests.framework in Frameworks */,
			);
			runOnlyForDeploymentPostprocessing = 0;
		};
/* End PBXFrameworksBuildPhase section */

/* Begin PBXGroup section */
		5F4A1A77B3F7603577E7008D /* Pods */ = {
			isa = PBXGroup;
			children = (
				97EB0FC6D6FF781E916C7BCC /* Pods-Mesh.debug.xcconfig */,
				5FB079EF537E92065FB4C6A6 /* Pods-Mesh.release.xcconfig */,
				C67FDE0DA4BFD19F174D1028 /* Pods-MeshTests.debug.xcconfig */,
				273F37C33FE826040BE5B73B /* Pods-MeshTests.release.xcconfig */,
				BEC5E5C67D6F752ABEB9A228 /* Pods-MeshUITests.debug.xcconfig */,
				F365E14B59237E7B3766D3EE /* Pods-MeshUITests.release.xcconfig */,
			);
			name = Pods;
			sourceTree = "<group>";
		};
		6778DDD12097C356007D7F9B = {
			isa = PBXGroup;
			children = (
				6778DDDC2097C356007D7F9B /* Mesh */,
				6778DDF32097C356007D7F9B /* MeshTests */,
				6778DDFE2097C356007D7F9B /* MeshUITests */,
				6778DDDB2097C356007D7F9B /* Products */,
				5F4A1A77B3F7603577E7008D /* Pods */,
				F82CCFEFED42880976A394A7 /* Frameworks */,
			);
			sourceTree = "<group>";
		};
		6778DDDB2097C356007D7F9B /* Products */ = {
			isa = PBXGroup;
			children = (
				6778DDDA2097C356007D7F9B /* Mesh.app */,
				6778DDF02097C356007D7F9B /* MeshTests.xctest */,
				6778DDFB2097C356007D7F9B /* MeshUITests.xctest */,
			);
			name = Products;
			sourceTree = "<group>";
		};
		6778DDDC2097C356007D7F9B /* Mesh */ = {
			isa = PBXGroup;
			children = (
				6778DE112097C411007D7F9B /* Services */,
				6778DE102097C3DD007D7F9B /* Extensions */,
				6778DE0F2097C3C6007D7F9B /* Model */,
				6778DE0E2097C3BE007D7F9B /* View */,
				6778DE0D2097C3A9007D7F9B /* Controller */,
				6778DDDD2097C356007D7F9B /* AppDelegate.swift */,
				6778DDE32097C356007D7F9B /* Main.storyboard */,
				6778DDE62097C356007D7F9B /* Assets.xcassets */,
				6778DDE82097C356007D7F9B /* LaunchScreen.storyboard */,
				6778DDEB2097C356007D7F9B /* Info.plist */,
				6778DE122097C65F007D7F9B /* GoogleService-Info.plist */,
			);
			path = Mesh;
			sourceTree = "<group>";
		};
		6778DDF32097C356007D7F9B /* MeshTests */ = {
			isa = PBXGroup;
			children = (
				6778DDF42097C356007D7F9B /* MeshTests.swift */,
				6778DDF62097C356007D7F9B /* Info.plist */,
			);
			path = MeshTests;
			sourceTree = "<group>";
		};
		6778DDFE2097C356007D7F9B /* MeshUITests */ = {
			isa = PBXGroup;
			children = (
				6778DDFF2097C356007D7F9B /* MeshUITests.swift */,
				6778DE012097C356007D7F9B /* Info.plist */,
			);
			path = MeshUITests;
			sourceTree = "<group>";
		};
		6778DE0D2097C3A9007D7F9B /* Controller */ = {
			isa = PBXGroup;
			children = (
				6778DDDF2097C356007D7F9B /* FeedVC.swift */,
				6778DDE12097C356007D7F9B /* GroupsVC.swift */,
				6778DE162097D9DC007D7F9B /* AuthVC.swift */,
				6778DE182097DA23007D7F9B /* LoginVC.swift */,
				6778DE2020983A8E007D7F9B /* MeVC.swift */,
				6778DE22209840AE007D7F9B /* CreatePostVC.swift */,
			);
			path = Controller;
			sourceTree = "<group>";
		};
		6778DE0E2097C3BE007D7F9B /* View */ = {
			isa = PBXGroup;
			children = (
				6778DE1A2097DA86007D7F9B /* InsetTextField.swift */,
				6778DE1C2097DE45007D7F9B /* ShadowView.swift */,
				67AE47842098EEBF002587EB /* FeedCell.swift */,
			);
			path = View;
			sourceTree = "<group>";
		};
		6778DE0F2097C3C6007D7F9B /* Model */ = {
			isa = PBXGroup;
			children = (
				67AE47822098E766002587EB /* Message.swift */,
			);
			path = Model;
			sourceTree = "<group>";
		};
		6778DE102097C3DD007D7F9B /* Extensions */ = {
			isa = PBXGroup;
			children = (
				67AE47802098DF10002587EB /* UIViewExt.swift */,
			);
			path = Extensions;
			sourceTree = "<group>";
		};
		6778DE112097C411007D7F9B /* Services */ = {
			isa = PBXGroup;
			children = (
				6778DE142097CEE6007D7F9B /* DataService.swift */,
				6778DE1E2097E042007D7F9B /* AuthService.swift */,
			);
			path = Services;
			sourceTree = "<group>";
		};
		F82CCFEFED42880976A394A7 /* Frameworks */ = {
			isa = PBXGroup;
			children = (
				84C3F6B18F6207E95BBA885D /* Pods_Mesh.framework */,
				F17DB050939D2D275E6843EA /* Pods_MeshTests.framework */,
				7C199F950098E5DCE82AA174 /* Pods_MeshUITests.framework */,
			);
			name = Frameworks;
			sourceTree = "<group>";
		};
/* End PBXGroup section */

/* Begin PBXNativeTarget section */
		6778DDD92097C356007D7F9B /* Mesh */ = {
			isa = PBXNativeTarget;
			buildConfigurationList = 6778DE042097C356007D7F9B /* Build configuration list for PBXNativeTarget "Mesh" */;
			buildPhases = (
				21AEE6E1B9E39D117B6C4E78 /* [CP] Check Pods Manifest.lock */,
				6778DDD62097C356007D7F9B /* Sources */,
				6778DDD72097C356007D7F9B /* Frameworks */,
				6778DDD82097C356007D7F9B /* Resources */,
				9C52D108F3363DBC7E413784 /* [CP] Embed Pods Frameworks */,
				7B1A0C63B9D63226EE34EB25 /* [CP] Copy Pods Resources */,
			);
			buildRules = (
			);
			dependencies = (
			);
			name = Mesh;
			productName = Mesh;
			productReference = 6778DDDA2097C356007D7F9B /* Mesh.app */;
			productType = "com.apple.product-type.application";
		};
		6778DDEF2097C356007D7F9B /* MeshTests */ = {
			isa = PBXNativeTarget;
			buildConfigurationList = 6778DE072097C356007D7F9B /* Build configuration list for PBXNativeTarget "MeshTests" */;
			buildPhases = (
				A1CBE24FC46735087E61A369 /* [CP] Check Pods Manifest.lock */,
				6778DDEC2097C356007D7F9B /* Sources */,
				6778DDED2097C356007D7F9B /* Frameworks */,
				6778DDEE2097C356007D7F9B /* Resources */,
				0E9E64BBB160FB068FD42FAC /* [CP] Embed Pods Frameworks */,
				E4C4217E1C2E1A06B0199E67 /* [CP] Copy Pods Resources */,
			);
			buildRules = (
			);
			dependencies = (
				6778DDF22097C356007D7F9B /* PBXTargetDependency */,
			);
			name = MeshTests;
			productName = MeshTests;
			productReference = 6778DDF02097C356007D7F9B /* MeshTests.xctest */;
			productType = "com.apple.product-type.bundle.unit-test";
		};
		6778DDFA2097C356007D7F9B /* MeshUITests */ = {
			isa = PBXNativeTarget;
			buildConfigurationList = 6778DE0A2097C356007D7F9B /* Build configuration list for PBXNativeTarget "MeshUITests" */;
			buildPhases = (
				BCC2BB57EE2CD277BD92C2F5 /* [CP] Check Pods Manifest.lock */,
				6778DDF72097C356007D7F9B /* Sources */,
				6778DDF82097C356007D7F9B /* Frameworks */,
				6778DDF92097C356007D7F9B /* Resources */,
				582294303D824FFCB058731E /* [CP] Embed Pods Frameworks */,
				02E026A6A3CED96C1DBBD85C /* [CP] Copy Pods Resources */,
			);
			buildRules = (
			);
			dependencies = (
				6778DDFD2097C356007D7F9B /* PBXTargetDependency */,
			);
			name = MeshUITests;
			productName = MeshUITests;
			productReference = 6778DDFB2097C356007D7F9B /* MeshUITests.xctest */;
			productType = "com.apple.product-type.bundle.ui-testing";
		};
/* End PBXNativeTarget section */

/* Begin PBXProject section */
		6778DDD22097C356007D7F9B /* Project object */ = {
			isa = PBXProject;
			attributes = {
				LastSwiftUpdateCheck = 0920;
				LastUpgradeCheck = 0920;
				ORGANIZATIONNAME = "Vic Sukiasyan";
				TargetAttributes = {
					6778DDD92097C356007D7F9B = {
						CreatedOnToolsVersion = 9.2;
						ProvisioningStyle = Automatic;
					};
					6778DDEF2097C356007D7F9B = {
						CreatedOnToolsVersion = 9.2;
						ProvisioningStyle = Automatic;
						TestTargetID = 6778DDD92097C356007D7F9B;
					};
					6778DDFA2097C356007D7F9B = {
						CreatedOnToolsVersion = 9.2;
						ProvisioningStyle = Automatic;
						TestTargetID = 6778DDD92097C356007D7F9B;
					};
				};
			};
			buildConfigurationList = 6778DDD52097C356007D7F9B /* Build configuration list for PBXProject "Mesh" */;
			compatibilityVersion = "Xcode 8.0";
			developmentRegion = en;
			hasScannedForEncodings = 0;
			knownRegions = (
				en,
				Base,
			);
			mainGroup = 6778DDD12097C356007D7F9B;
			productRefGroup = 6778DDDB2097C356007D7F9B /* Products */;
			projectDirPath = "";
			projectRoot = "";
			targets = (
				6778DDD92097C356007D7F9B /* Mesh */,
				6778DDEF2097C356007D7F9B /* MeshTests */,
				6778DDFA2097C356007D7F9B /* MeshUITests */,
			);
		};
/* End PBXProject section */

/* Begin PBXResourcesBuildPhase section */
		6778DDD82097C356007D7F9B /* Resources */ = {
			isa = PBXResourcesBuildPhase;
			buildActionMask = 2147483647;
			files = (
				6778DDEA2097C356007D7F9B /* LaunchScreen.storyboard in Resources */,
				6778DE132097C65F007D7F9B /* GoogleService-Info.plist in Resources */,
				6778DDE72097C356007D7F9B /* Assets.xcassets in Resources */,
				6778DDE52097C356007D7F9B /* Main.storyboard in Resources */,
			);
			runOnlyForDeploymentPostprocessing = 0;
		};
		6778DDEE2097C356007D7F9B /* Resources */ = {
			isa = PBXResourcesBuildPhase;
			buildActionMask = 2147483647;
			files = (
			);
			runOnlyForDeploymentPostprocessing = 0;
		};
		6778DDF92097C356007D7F9B /* Resources */ = {
			isa = PBXResourcesBuildPhase;
			buildActionMask = 2147483647;
			files = (
			);
			runOnlyForDeploymentPostprocessing = 0;
		};
/* End PBXResourcesBuildPhase section */

/* Begin PBXShellScriptBuildPhase section */
		02E026A6A3CED96C1DBBD85C /* [CP] Copy Pods Resources */ = {
			isa = PBXShellScriptBuildPhase;
			buildActionMask = 2147483647;
			files = (
			);
			inputPaths = (
			);
			name = "[CP] Copy Pods Resources";
			outputPaths = (
			);
			runOnlyForDeploymentPostprocessing = 0;
			shellPath = /bin/sh;
			shellScript = "\"${SRCROOT}/Pods/Target Support Files/Pods-MeshUITests/Pods-MeshUITests-resources.sh\"\n";
			showEnvVarsInLog = 0;
		};
		0E9E64BBB160FB068FD42FAC /* [CP] Embed Pods Frameworks */ = {
			isa = PBXShellScriptBuildPhase;
			buildActionMask = 2147483647;
			files = (
			);
			inputPaths = (
			);
			name = "[CP] Embed Pods Frameworks";
			outputPaths = (
			);
			runOnlyForDeploymentPostprocessing = 0;
			shellPath = /bin/sh;
			shellScript = "\"${SRCROOT}/Pods/Target Support Files/Pods-MeshTests/Pods-MeshTests-frameworks.sh\"\n";
			showEnvVarsInLog = 0;
		};
		21AEE6E1B9E39D117B6C4E78 /* [CP] Check Pods Manifest.lock */ = {
			isa = PBXShellScriptBuildPhase;
			buildActionMask = 2147483647;
			files = (
			);
			inputPaths = (
				"${PODS_PODFILE_DIR_PATH}/Podfile.lock",
				"${PODS_ROOT}/Manifest.lock",
			);
			name = "[CP] Check Pods Manifest.lock";
			outputPaths = (
				"$(DERIVED_FILE_DIR)/Pods-Mesh-checkManifestLockResult.txt",
			);
			runOnlyForDeploymentPostprocessing = 0;
			shellPath = /bin/sh;
			shellScript = "diff \"${PODS_PODFILE_DIR_PATH}/Podfile.lock\" \"${PODS_ROOT}/Manifest.lock\" > /dev/null\nif [ $? != 0 ] ; then\n    # print error to STDERR\n    echo \"error: The sandbox is not in sync with the Podfile.lock. Run 'pod install' or update your CocoaPods installation.\" >&2\n    exit 1\nfi\n# This output is used by Xcode 'outputs' to avoid re-running this script phase.\necho \"SUCCESS\" > \"${SCRIPT_OUTPUT_FILE_0}\"\n";
			showEnvVarsInLog = 0;
		};
		582294303D824FFCB058731E /* [CP] Embed Pods Frameworks */ = {
			isa = PBXShellScriptBuildPhase;
			buildActionMask = 2147483647;
			files = (
			);
			inputPaths = (
			);
			name = "[CP] Embed Pods Frameworks";
			outputPaths = (
			);
			runOnlyForDeploymentPostprocessing = 0;
			shellPath = /bin/sh;
			shellScript = "\"${SRCROOT}/Pods/Target Support Files/Pods-MeshUITests/Pods-MeshUITests-frameworks.sh\"\n";
			showEnvVarsInLog = 0;
		};
		7B1A0C63B9D63226EE34EB25 /* [CP] Copy Pods Resources */ = {
			isa = PBXShellScriptBuildPhase;
			buildActionMask = 2147483647;
			files = (
			);
			inputPaths = (
			);
			name = "[CP] Copy Pods Resources";
			outputPaths = (
			);
			runOnlyForDeploymentPostprocessing = 0;
			shellPath = /bin/sh;
			shellScript = "\"${SRCROOT}/Pods/Target Support Files/Pods-Mesh/Pods-Mesh-resources.sh\"\n";
			showEnvVarsInLog = 0;
		};
		9C52D108F3363DBC7E413784 /* [CP] Embed Pods Frameworks */ = {
			isa = PBXShellScriptBuildPhase;
			buildActionMask = 2147483647;
			files = (
			);
			inputPaths = (
				"${SRCROOT}/Pods/Target Support Files/Pods-Mesh/Pods-Mesh-frameworks.sh",
				"${BUILT_PRODUCTS_DIR}/GTMSessionFetcher/GTMSessionFetcher.framework",
				"${BUILT_PRODUCTS_DIR}/GoogleToolboxForMac/GoogleToolboxForMac.framework",
				"${BUILT_PRODUCTS_DIR}/leveldb-library/leveldb.framework",
				"${BUILT_PRODUCTS_DIR}/nanopb/nanopb.framework",
			);
			name = "[CP] Embed Pods Frameworks";
			outputPaths = (
				"${TARGET_BUILD_DIR}/${FRAMEWORKS_FOLDER_PATH}/GTMSessionFetcher.framework",
				"${TARGET_BUILD_DIR}/${FRAMEWORKS_FOLDER_PATH}/GoogleToolboxForMac.framework",
				"${TARGET_BUILD_DIR}/${FRAMEWORKS_FOLDER_PATH}/leveldb.framework",
				"${TARGET_BUILD_DIR}/${FRAMEWORKS_FOLDER_PATH}/nanopb.framework",
			);
			runOnlyForDeploymentPostprocessing = 0;
			shellPath = /bin/sh;
			shellScript = "\"${SRCROOT}/Pods/Target Support Files/Pods-Mesh/Pods-Mesh-frameworks.sh\"\n";
			showEnvVarsInLog = 0;
		};
		A1CBE24FC46735087E61A369 /* [CP] Check Pods Manifest.lock */ = {
			isa = PBXShellScriptBuildPhase;
			buildActionMask = 2147483647;
			files = (
			);
			inputPaths = (
				"${PODS_PODFILE_DIR_PATH}/Podfile.lock",
				"${PODS_ROOT}/Manifest.lock",
			);
			name = "[CP] Check Pods Manifest.lock";
			outputPaths = (
				"$(DERIVED_FILE_DIR)/Pods-MeshTests-checkManifestLockResult.txt",
			);
			runOnlyForDeploymentPostprocessing = 0;
			shellPath = /bin/sh;
			shellScript = "diff \"${PODS_PODFILE_DIR_PATH}/Podfile.lock\" \"${PODS_ROOT}/Manifest.lock\" > /dev/null\nif [ $? != 0 ] ; then\n    # print error to STDERR\n    echo \"error: The sandbox is not in sync with the Podfile.lock. Run 'pod install' or update your CocoaPods installation.\" >&2\n    exit 1\nfi\n# This output is used by Xcode 'outputs' to avoid re-running this script phase.\necho \"SUCCESS\" > \"${SCRIPT_OUTPUT_FILE_0}\"\n";
			showEnvVarsInLog = 0;
		};
		BCC2BB57EE2CD277BD92C2F5 /* [CP] Check Pods Manifest.lock */ = {
			isa = PBXShellScriptBuildPhase;
			buildActionMask = 2147483647;
			files = (
			);
			inputPaths = (
				"${PODS_PODFILE_DIR_PATH}/Podfile.lock",
				"${PODS_ROOT}/Manifest.lock",
			);
			name = "[CP] Check Pods Manifest.lock";
			outputPaths = (
				"$(DERIVED_FILE_DIR)/Pods-MeshUITests-checkManifestLockResult.txt",
			);
			runOnlyForDeploymentPostprocessing = 0;
			shellPath = /bin/sh;
			shellScript = "diff \"${PODS_PODFILE_DIR_PATH}/Podfile.lock\" \"${PODS_ROOT}/Manifest.lock\" > /dev/null\nif [ $? != 0 ] ; then\n    # print error to STDERR\n    echo \"error: The sandbox is not in sync with the Podfile.lock. Run 'pod install' or update your CocoaPods installation.\" >&2\n    exit 1\nfi\n# This output is used by Xcode 'outputs' to avoid re-running this script phase.\necho \"SUCCESS\" > \"${SCRIPT_OUTPUT_FILE_0}\"\n";
			showEnvVarsInLog = 0;
		};
		E4C4217E1C2E1A06B0199E67 /* [CP] Copy Pods Resources */ = {
			isa = PBXShellScriptBuildPhase;
			buildActionMask = 2147483647;
			files = (
			);
			inputPaths = (
			);
			name = "[CP] Copy Pods Resources";
			outputPaths = (
			);
			runOnlyForDeploymentPostprocessing = 0;
			shellPath = /bin/sh;
			shellScript = "\"${SRCROOT}/Pods/Target Support Files/Pods-MeshTests/Pods-MeshTests-resources.sh\"\n";
			showEnvVarsInLog = 0;
		};
/* End PBXShellScriptBuildPhase section */

/* Begin PBXSourcesBuildPhase section */
		6778DDD62097C356007D7F9B /* Sources */ = {
			isa = PBXSourcesBuildPhase;
			buildActionMask = 2147483647;
			files = (
				67AE47812098DF10002587EB /* UIViewExt.swift in Sources */,
				6778DE2120983A8E007D7F9B /* MeVC.swift in Sources */,
				6778DE172097D9DC007D7F9B /* AuthVC.swift in Sources */,
				6778DDE22097C356007D7F9B /* GroupsVC.swift in Sources */,
				6778DE192097DA23007D7F9B /* LoginVC.swift in Sources */,
				6778DE1F2097E042007D7F9B /* AuthService.swift in Sources */,
				6778DDDE2097C356007D7F9B /* AppDelegate.swift in Sources */,
				67AE47852098EEBF002587EB /* FeedCell.swift in Sources */,
				6778DE1D2097DE45007D7F9B /* ShadowView.swift in Sources */,
				6778DE23209840AE007D7F9B /* CreatePostVC.swift in Sources */,
				67AE47832098E766002587EB /* Message.swift in Sources */,
				6778DDE02097C356007D7F9B /* FeedVC.swift in Sources */,
				6778DE1B2097DA86007D7F9B /* InsetTextField.swift in Sources */,
				6778DE152097CEE6007D7F9B /* DataService.swift in Sources */,
			);
			runOnlyForDeploymentPostprocessing = 0;
		};
		6778DDEC2097C356007D7F9B /* Sources */ = {
			isa = PBXSourcesBuildPhase;
			buildActionMask = 2147483647;
			files = (
				6778DDF52097C356007D7F9B /* MeshTests.swift in Sources */,
			);
			runOnlyForDeploymentPostprocessing = 0;
		};
		6778DDF72097C356007D7F9B /* Sources */ = {
			isa = PBXSourcesBuildPhase;
			buildActionMask = 2147483647;
			files = (
				6778DE002097C356007D7F9B /* MeshUITests.swift in Sources */,
			);
			runOnlyForDeploymentPostprocessing = 0;
		};
/* End PBXSourcesBuildPhase section */

/* Begin PBXTargetDependency section */
		6778DDF22097C356007D7F9B /* PBXTargetDependency */ = {
			isa = PBXTargetDependency;
			target = 6778DDD92097C356007D7F9B /* Mesh */;
			targetProxy = 6778DDF12097C356007D7F9B /* PBXContainerItemProxy */;
		};
		6778DDFD2097C356007D7F9B /* PBXTargetDependency */ = {
			isa = PBXTargetDependency;
			target = 6778DDD92097C356007D7F9B /* Mesh */;
			targetProxy = 6778DDFC2097C356007D7F9B /* PBXContainerItemProxy */;
		};
/* End PBXTargetDependency section */

/* Begin PBXVariantGroup section */
		6778DDE32097C356007D7F9B /* Main.storyboard */ = {
			isa = PBXVariantGroup;
			children = (
				6778DDE42097C356007D7F9B /* Base */,
			);
			name = Main.storyboard;
			sourceTree = "<group>";
		};
		6778DDE82097C356007D7F9B /* LaunchScreen.storyboard */ = {
			isa = PBXVariantGroup;
			children = (
				6778DDE92097C356007D7F9B /* Base */,
			);
			name = LaunchScreen.storyboard;
			sourceTree = "<group>";
		};
/* End PBXVariantGroup section */

/* Begin XCBuildConfiguration section */
		6778DE022097C356007D7F9B /* Debug */ = {
			isa = XCBuildConfiguration;
			buildSettings = {
				ALWAYS_SEARCH_USER_PATHS = NO;
				CLANG_ANALYZER_NONNULL = YES;
				CLANG_ANALYZER_NUMBER_OBJECT_CONVERSION = YES_AGGRESSIVE;
				CLANG_CXX_LANGUAGE_STANDARD = "gnu++14";
				CLANG_CXX_LIBRARY = "libc++";
				CLANG_ENABLE_MODULES = YES;
				CLANG_ENABLE_OBJC_ARC = YES;
				CLANG_WARN_BLOCK_CAPTURE_AUTORELEASING = YES;
				CLANG_WARN_BOOL_CONVERSION = YES;
				CLANG_WARN_COMMA = YES;
				CLANG_WARN_CONSTANT_CONVERSION = YES;
				CLANG_WARN_DIRECT_OBJC_ISA_USAGE = YES_ERROR;
				CLANG_WARN_DOCUMENTATION_COMMENTS = YES;
				CLANG_WARN_EMPTY_BODY = YES;
				CLANG_WARN_ENUM_CONVERSION = YES;
				CLANG_WARN_INFINITE_RECURSION = YES;
				CLANG_WARN_INT_CONVERSION = YES;
				CLANG_WARN_NON_LITERAL_NULL_CONVERSION = YES;
				CLANG_WARN_OBJC_LITERAL_CONVERSION = YES;
				CLANG_WARN_OBJC_ROOT_CLASS = YES_ERROR;
				CLANG_WARN_RANGE_LOOP_ANALYSIS = YES;
				CLANG_WARN_STRICT_PROTOTYPES = YES;
				CLANG_WARN_SUSPICIOUS_MOVE = YES;
				CLANG_WARN_UNGUARDED_AVAILABILITY = YES_AGGRESSIVE;
				CLANG_WARN_UNREACHABLE_CODE = YES;
				CLANG_WARN__DUPLICATE_METHOD_MATCH = YES;
				CODE_SIGN_IDENTITY = "iPhone Developer";
				COPY_PHASE_STRIP = NO;
				DEBUG_INFORMATION_FORMAT = dwarf;
				ENABLE_STRICT_OBJC_MSGSEND = YES;
				ENABLE_TESTABILITY = YES;
				GCC_C_LANGUAGE_STANDARD = gnu11;
				GCC_DYNAMIC_NO_PIC = NO;
				GCC_NO_COMMON_BLOCKS = YES;
				GCC_OPTIMIZATION_LEVEL = 0;
				GCC_PREPROCESSOR_DEFINITIONS = (
					"DEBUG=1",
					"$(inherited)",
				);
				GCC_WARN_64_TO_32_BIT_CONVERSION = YES;
				GCC_WARN_ABOUT_RETURN_TYPE = YES_ERROR;
				GCC_WARN_UNDECLARED_SELECTOR = YES;
				GCC_WARN_UNINITIALIZED_AUTOS = YES_AGGRESSIVE;
				GCC_WARN_UNUSED_FUNCTION = YES;
				GCC_WARN_UNUSED_VARIABLE = YES;
				IPHONEOS_DEPLOYMENT_TARGET = 11.2;
				MTL_ENABLE_DEBUG_INFO = YES;
				ONLY_ACTIVE_ARCH = YES;
				SDKROOT = iphoneos;
				SWIFT_ACTIVE_COMPILATION_CONDITIONS = DEBUG;
				SWIFT_OPTIMIZATION_LEVEL = "-Onone";
			};
			name = Debug;
		};
		6778DE032097C356007D7F9B /* Release */ = {
			isa = XCBuildConfiguration;
			buildSettings = {
				ALWAYS_SEARCH_USER_PATHS = NO;
				CLANG_ANALYZER_NONNULL = YES;
				CLANG_ANALYZER_NUMBER_OBJECT_CONVERSION = YES_AGGRESSIVE;
				CLANG_CXX_LANGUAGE_STANDARD = "gnu++14";
				CLANG_CXX_LIBRARY = "libc++";
				CLANG_ENABLE_MODULES = YES;
				CLANG_ENABLE_OBJC_ARC = YES;
				CLANG_WARN_BLOCK_CAPTURE_AUTORELEASING = YES;
				CLANG_WARN_BOOL_CONVERSION = YES;
				CLANG_WARN_COMMA = YES;
				CLANG_WARN_CONSTANT_CONVERSION = YES;
				CLANG_WARN_DIRECT_OBJC_ISA_USAGE = YES_ERROR;
				CLANG_WARN_DOCUMENTATION_COMMENTS = YES;
				CLANG_WARN_EMPTY_BODY = YES;
				CLANG_WARN_ENUM_CONVERSION = YES;
				CLANG_WARN_INFINITE_RECURSION = YES;
				CLANG_WARN_INT_CONVERSION = YES;
				CLANG_WARN_NON_LITERAL_NULL_CONVERSION = YES;
				CLANG_WARN_OBJC_LITERAL_CONVERSION = YES;
				CLANG_WARN_OBJC_ROOT_CLASS = YES_ERROR;
				CLANG_WARN_RANGE_LOOP_ANALYSIS = YES;
				CLANG_WARN_STRICT_PROTOTYPES = YES;
				CLANG_WARN_SUSPICIOUS_MOVE = YES;
				CLANG_WARN_UNGUARDED_AVAILABILITY = YES_AGGRESSIVE;
				CLANG_WARN_UNREACHABLE_CODE = YES;
				CLANG_WARN__DUPLICATE_METHOD_MATCH = YES;
				CODE_SIGN_IDENTITY = "iPhone Developer";
				COPY_PHASE_STRIP = NO;
				DEBUG_INFORMATION_FORMAT = "dwarf-with-dsym";
				ENABLE_NS_ASSERTIONS = NO;
				ENABLE_STRICT_OBJC_MSGSEND = YES;
				GCC_C_LANGUAGE_STANDARD = gnu11;
				GCC_NO_COMMON_BLOCKS = YES;
				GCC_WARN_64_TO_32_BIT_CONVERSION = YES;
				GCC_WARN_ABOUT_RETURN_TYPE = YES_ERROR;
				GCC_WARN_UNDECLARED_SELECTOR = YES;
				GCC_WARN_UNINITIALIZED_AUTOS = YES_AGGRESSIVE;
				GCC_WARN_UNUSED_FUNCTION = YES;
				GCC_WARN_UNUSED_VARIABLE = YES;
				IPHONEOS_DEPLOYMENT_TARGET = 11.2;
				MTL_ENABLE_DEBUG_INFO = NO;
				SDKROOT = iphoneos;
				SWIFT_OPTIMIZATION_LEVEL = "-Owholemodule";
				VALIDATE_PRODUCT = YES;
			};
			name = Release;
		};
		6778DE052097C356007D7F9B /* Debug */ = {
			isa = XCBuildConfiguration;
			baseConfigurationReference = 97EB0FC6D6FF781E916C7BCC /* Pods-Mesh.debug.xcconfig */;
			buildSettings = {
				ASSETCATALOG_COMPILER_APPICON_NAME = AppIcon;
				CODE_SIGN_STYLE = Automatic;
				DEVELOPMENT_TEAM = P6295RT7MX;
				INFOPLIST_FILE = Mesh/Info.plist;
				LD_RUNPATH_SEARCH_PATHS = "$(inherited) @executable_path/Frameworks";
				PRODUCT_BUNDLE_IDENTIFIER = com.test.vsukiasyan.Mesh;
				PRODUCT_NAME = "$(TARGET_NAME)";
				SWIFT_VERSION = 4.0;
				TARGETED_DEVICE_FAMILY = "1,2";
			};
			name = Debug;
		};
		6778DE062097C356007D7F9B /* Release */ = {
			isa = XCBuildConfiguration;
			baseConfigurationReference = 5FB079EF537E92065FB4C6A6 /* Pods-Mesh.release.xcconfig */;
			buildSettings = {
				ASSETCATALOG_COMPILER_APPICON_NAME = AppIcon;
				CODE_SIGN_STYLE = Automatic;
				DEVELOPMENT_TEAM = P6295RT7MX;
				INFOPLIST_FILE = Mesh/Info.plist;
				LD_RUNPATH_SEARCH_PATHS = "$(inherited) @executable_path/Frameworks";
				PRODUCT_BUNDLE_IDENTIFIER = com.test.vsukiasyan.Mesh;
				PRODUCT_NAME = "$(TARGET_NAME)";
				SWIFT_VERSION = 4.0;
				TARGETED_DEVICE_FAMILY = "1,2";
			};
			name = Release;
		};
		6778DE082097C356007D7F9B /* Debug */ = {
			isa = XCBuildConfiguration;
			baseConfigurationReference = C67FDE0DA4BFD19F174D1028 /* Pods-MeshTests.debug.xcconfig */;
			buildSettings = {
				ALWAYS_EMBED_SWIFT_STANDARD_LIBRARIES = YES;
				BUNDLE_LOADER = "$(TEST_HOST)";
				CODE_SIGN_STYLE = Automatic;
				DEVELOPMENT_TEAM = P6295RT7MX;
				INFOPLIST_FILE = MeshTests/Info.plist;
				LD_RUNPATH_SEARCH_PATHS = "$(inherited) @executable_path/Frameworks @loader_path/Frameworks";
				PRODUCT_BUNDLE_IDENTIFIER = com.test.vsukiasyan.MeshTests;
				PRODUCT_NAME = "$(TARGET_NAME)";
				SWIFT_VERSION = 4.0;
				TARGETED_DEVICE_FAMILY = "1,2";
				TEST_HOST = "$(BUILT_PRODUCTS_DIR)/Mesh.app/Mesh";
			};
			name = Debug;
		};
		6778DE092097C356007D7F9B /* Release */ = {
			isa = XCBuildConfiguration;
			baseConfigurationReference = 273F37C33FE826040BE5B73B /* Pods-MeshTests.release.xcconfig */;
			buildSettings = {
				ALWAYS_EMBED_SWIFT_STANDARD_LIBRARIES = YES;
				BUNDLE_LOADER = "$(TEST_HOST)";
				CODE_SIGN_STYLE = Automatic;
				DEVELOPMENT_TEAM = P6295RT7MX;
				INFOPLIST_FILE = MeshTests/Info.plist;
				LD_RUNPATH_SEARCH_PATHS = "$(inherited) @executable_path/Frameworks @loader_path/Frameworks";
				PRODUCT_BUNDLE_IDENTIFIER = com.test.vsukiasyan.MeshTests;
				PRODUCT_NAME = "$(TARGET_NAME)";
				SWIFT_VERSION = 4.0;
				TARGETED_DEVICE_FAMILY = "1,2";
				TEST_HOST = "$(BUILT_PRODUCTS_DIR)/Mesh.app/Mesh";
			};
			name = Release;
		};
		6778DE0B2097C356007D7F9B /* Debug */ = {
			isa = XCBuildConfiguration;
			baseConfigurationReference = BEC5E5C67D6F752ABEB9A228 /* Pods-MeshUITests.debug.xcconfig */;
			buildSettings = {
				ALWAYS_EMBED_SWIFT_STANDARD_LIBRARIES = YES;
				CODE_SIGN_STYLE = Automatic;
				DEVELOPMENT_TEAM = P6295RT7MX;
				INFOPLIST_FILE = MeshUITests/Info.plist;
				LD_RUNPATH_SEARCH_PATHS = "$(inherited) @executable_path/Frameworks @loader_path/Frameworks";
				PRODUCT_BUNDLE_IDENTIFIER = com.test.vsukiasyan.MeshUITests;
				PRODUCT_NAME = "$(TARGET_NAME)";
				SWIFT_VERSION = 4.0;
				TARGETED_DEVICE_FAMILY = "1,2";
				TEST_TARGET_NAME = Mesh;
			};
			name = Debug;
		};
		6778DE0C2097C356007D7F9B /* Release */ = {
			isa = XCBuildConfiguration;
			baseConfigurationReference = F365E14B59237E7B3766D3EE /* Pods-MeshUITests.release.xcconfig */;
			buildSettings = {
				ALWAYS_EMBED_SWIFT_STANDARD_LIBRARIES = YES;
				CODE_SIGN_STYLE = Automatic;
				DEVELOPMENT_TEAM = P6295RT7MX;
				INFOPLIST_FILE = MeshUITests/Info.plist;
				LD_RUNPATH_SEARCH_PATHS = "$(inherited) @executable_path/Frameworks @loader_path/Frameworks";
				PRODUCT_BUNDLE_IDENTIFIER = com.test.vsukiasyan.MeshUITests;
				PRODUCT_NAME = "$(TARGET_NAME)";
				SWIFT_VERSION = 4.0;
				TARGETED_DEVICE_FAMILY = "1,2";
				TEST_TARGET_NAME = Mesh;
			};
			name = Release;
		};
/* End XCBuildConfiguration section */

/* Begin XCConfigurationList section */
		6778DDD52097C356007D7F9B /* Build configuration list for PBXProject "Mesh" */ = {
			isa = XCConfigurationList;
			buildConfigurations = (
				6778DE022097C356007D7F9B /* Debug */,
				6778DE032097C356007D7F9B /* Release */,
			);
			defaultConfigurationIsVisible = 0;
			defaultConfigurationName = Release;
		};
		6778DE042097C356007D7F9B /* Build configuration list for PBXNativeTarget "Mesh" */ = {
			isa = XCConfigurationList;
			buildConfigurations = (
				6778DE052097C356007D7F9B /* Debug */,
				6778DE062097C356007D7F9B /* Release */,
			);
			defaultConfigurationIsVisible = 0;
			defaultConfigurationName = Release;
		};
		6778DE072097C356007D7F9B /* Build configuration list for PBXNativeTarget "MeshTests" */ = {
			isa = XCConfigurationList;
			buildConfigurations = (
				6778DE082097C356007D7F9B /* Debug */,
				6778DE092097C356007D7F9B /* Release */,
			);
			defaultConfigurationIsVisible = 0;
			defaultConfigurationName = Release;
		};
		6778DE0A2097C356007D7F9B /* Build configuration list for PBXNativeTarget "MeshUITests" */ = {
			isa = XCConfigurationList;
			buildConfigurations = (
				6778DE0B2097C356007D7F9B /* Debug */,
				6778DE0C2097C356007D7F9B /* Release */,
			);
			defaultConfigurationIsVisible = 0;
			defaultConfigurationName = Release;
		};
/* End XCConfigurationList section */
	};
	rootObject = 6778DDD22097C356007D7F9B /* Project object */;
}
